
Microsoft Visual Studio Solution File, Format Version 12.00
# Visual Studio Version 16
VisualStudioVersion = 16.0.30621.155
MinimumVisualStudioVersion = 10.0.40219.1
Project("{FAE04EC0-301F-11D3-BF4B-00C04F79EFBC}") = "ArtX", "ArtX.csproj", "{407DF969-0CBD-47FF-A8C4-A63E7507F1A8}"
EndProject
Global
	GlobalSection(SolutionConfigurationPlatforms) = preSolution
		Debug|Any CPU = Debug|Any CPU
		Release|Any CPU = Release|Any CPU
	EndGlobalSection
	GlobalSection(ProjectConfigurationPlatforms) = postSolution
		{407DF969-0CBD-47FF-A8C4-A63E7507F1A8}.Debug|Any CPU.ActiveCfg = Debug|Any CPU
		{407DF969-0CBD-47FF-A8C4-A63E7507F1A8}.Debug|Any CPU.Build.0 = Debug|Any CPU
		{407DF969-0CBD-47FF-A8C4-A63E7507F1A8}.Release|Any CPU.ActiveCfg = Release|Any CPU
		{407DF969-0CBD-47FF-A8C4-A63E7507F1A8}.Release|Any CPU.Build.0 = Release|Any CPU
	EndGlobalSection
	GlobalSection(SolutionProperties) = preSolution
		HideSolutionNode = FALSE
	EndGlobalSection
	GlobalSection(ExtensibilityGlobals) = postSolution
		SolutionGuid = {01C11C20-8F8D-46AF-B2B4-F403EC3DD7B6}
	EndGlobalSection
EndGlobal
